<?xml version="1.0" encoding="utf-8"?>
<Project ToolsVersion="4.0" xmlns="http://schemas.microsoft.com/developer/msbuild/2003">
  <ItemGroup>
    <Filter Include="ソース ファイル">
      <UniqueIdentifier>{4FC737F1-C7A5-4376-A066-2A32D752A2FF}</UniqueIdentifier>
      <Extensions>cpp;c;cc;cxx;c++;cppm;ixx;def;odl;idl;hpj;bat;asm;asmx</Extensions>
    </Filter>
    <Filter Include="ヘッダー ファイル">
      <UniqueIdentifier>{93995380-89BD-4b04-88EB-625FBE52EBFB}</UniqueIdentifier>
      <Extensions>h;hh;hpp;hxx;h++;hm;inl;inc;ipp;xsd</Extensions>
    </Filter>
    <Filter Include="リソース ファイル">
      <UniqueIdentifier>{67DA6AB6-F800-4c08-8B7A-83BB121AAD01}</UniqueIdentifier>
      <Extensions>rc;ico;cur;bmp;dlg;rc2;rct;bin;rgs;gif;jpg;jpeg;jpe;resx;tiff;tif;png;wav;mfcribbon-ms</Extensions>
    </Filter>
  </ItemGroup>
  <ItemGroup>
    <ClCompile Include="file\src\apprentice.c">
      <Filter>ソース ファイル</Filter>
    </ClCompile>
    <ClCompile Include="file\src\apptype.c">
      <Filter>ソース ファイル</Filter>
    </ClCompile>
    <ClCompile Include="file\src\ascmagic.c">
      <Filter>ソース ファイル</Filter>
    </ClCompile>
    <ClCompile Include="file\src\asctime_r.c">
      <Filter>ソース ファイル</Filter>
    </ClCompile>
    <ClCompile Include="file\src\asprintf.c">
      <Filter>ソース ファイル</Filter>
    </ClCompile>
    <ClCompile Include="file\src\buffer.c">
      <Filter>ソース ファイル</Filter>
    </ClCompile>
    <ClCompile Include="file\src\cdf.c">
      <Filter>ソース ファイル</Filter>
    </ClCompile>
    <ClCompile Include="file\src\cdf_time.c">
      <Filter>ソース ファイル</Filter>
    </ClCompile>
    <ClCompile Include="file\src\compress.c">
      <Filter>ソース ファイル</Filter>
    </ClCompile>
    <ClCompile Include="file\src\ctime_r.c">
      <Filter>ソース ファイル</Filter>
    </ClCompile>
    <ClCompile Include="file\src\der.c">
      <Filter>ソース ファイル</Filter>
    </ClCompile>
    <ClCompile Include="file\src\dprintf.c">
      <Filter>ソース ファイル</Filter>
    </ClCompile>
    <ClCompile Include="file\src\encoding.c">
      <Filter>ソース ファイル</Filter>
    </ClCompile>
    <ClCompile Include="file\src\fmtcheck.c">
      <Filter>ソース ファイル</Filter>
    </ClCompile>
    <ClCompile Include="file\src\fsmagic.c">
      <Filter>ソース ファイル</Filter>
    </ClCompile>
    <ClCompile Include="file\src\funcs.c">
      <Filter>ソース ファイル</Filter>
    </ClCompile>
    <ClCompile Include="file\src\getline.c">
      <Filter>ソース ファイル</Filter>
    </ClCompile>
    <ClCompile Include="file\src\gmtime_r.c">
      <Filter>ソース ファイル</Filter>
    </ClCompile>
    <ClCompile Include="file\src\is_csv.c">
      <Filter>ソース ファイル</Filter>
    </ClCompile>
    <ClCompile Include="file\src\is_json.c">
      <Filter>ソース ファイル</Filter>
    </ClCompile>
    <ClCompile Include="file\src\is_simh.c">
      <Filter>ソース ファイル</Filter>
    </ClCompile>
    <ClCompile Include="file\src\is_tar.c">
      <Filter>ソース ファイル</Filter>
    </ClCompile>
    <ClCompile Include="file\src\localtime_r.c">
      <Filter>ソース ファイル</Filter>
    </ClCompile>
    <ClCompile Include="file\src\magic.c">
      <Filter>ソース ファイル</Filter>
    </ClCompile>
    <ClCompile Include="file\src\pread.c">
      <Filter>ソース ファイル</Filter>
    </ClCompile>
    <ClCompile Include="file\src\readelf.c">
      <Filter>ソース ファイル</Filter>
    </ClCompile>
    <ClCompile Include="file\src\seccomp.c">
      <Filter>ソース ファイル</Filter>
    </ClCompile>
    <ClCompile Include="file\src\softmagic.c">
      <Filter>ソース ファイル</Filter>
    </ClCompile>
    <ClCompile Include="file\src\strcasestr.c">
      <Filter>ソース ファイル</Filter>
    </ClCompile>
    <ClCompile Include="file\src\strlcat.c">
      <Filter>ソース ファイル</Filter>
    </ClCompile>
    <ClCompile Include="file\src\strlcpy.c">
      <Filter>ソース ファイル</Filter>
    </ClCompile>
    <ClCompile Include="file\src\vasprintf.c">
      <Filter>ソース ファイル</Filter>
    </ClCompile>
    <ClCompile Include="pcre2\src\pcre2_substring.c">
      <Filter>ソース ファイル</Filter>
    </ClCompile>
    <ClCompile Include="pcre2\src\pcre2_tables.c">
      <Filter>ソース ファイル</Filter>
    </ClCompile>
    <ClCompile Include="pcre2\src\pcre2_ucd.c">
      <Filter>ソース ファイル</Filter>
    </ClCompile>
    <ClCompile Include="pcre2\src\pcre2_valid_utf.c">
      <Filter>ソース ファイル</Filter>
    </ClCompile>
    <ClCompile Include="pcre2\src\pcre2_xclass.c">
      <Filter>ソース ファイル</Filter>
    </ClCompile>
    <ClCompile Include="pcre2\src\pcre2posix.c">
      <Filter>ソース ファイル</Filter>
    </ClCompile>
    <ClCompile Include="file\src\print.c">
      <Filter>ソース ファイル</Filter>
    </ClCompile>
    <ClCompile Include="pcre2\src\pcre2_auto_possess.c">
      <Filter>ソース ファイル</Filter>
    </ClCompile>
    <ClCompile Include="pcre2\src\pcre2_chartables.c">
      <Filter>ソース ファイル</Filter>
    </ClCompile>
    <ClCompile Include="pcre2\src\pcre2_compile.c">
      <Filter>ソース ファイル</Filter>
    </ClCompile>
    <ClCompile Include="pcre2\src\pcre2_config.c">
      <Filter>ソース ファイル</Filter>
    </ClCompile>
    <ClCompile Include="pcre2\src\pcre2_context.c">
      <Filter>ソース ファイル</Filter>
    </ClCompile>
    <ClCompile Include="pcre2\src\pcre2_convert.c">
      <Filter>ソース ファイル</Filter>
    </ClCompile>
    <ClCompile Include="pcre2\src\pcre2_dfa_match.c">
      <Filter>ソース ファイル</Filter>
    </ClCompile>
    <ClCompile Include="pcre2\src\pcre2_error.c">
      <Filter>ソース ファイル</Filter>
    </ClCompile>
    <ClCompile Include="pcre2\src\pcre2_find_bracket.c">
      <Filter>ソース ファイル</Filter>
    </ClCompile>
    <ClCompile Include="pcre2\src\pcre2_fuzzsupport.c">
      <Filter>ソース ファイル</Filter>
    </ClCompile>
    <ClCompile Include="pcre2\src\pcre2_jit_compile.c">
      <Filter>ソース ファイル</Filter>
    </ClCompile>
    <ClCompile Include="pcre2\src\pcre2_maketables.c">
      <Filter>ソース ファイル</Filter>
    </ClCompile>
    <ClCompile Include="pcre2\src\pcre2_match.c">
      <Filter>ソース ファイル</Filter>
    </ClCompile>
    <ClCompile Include="pcre2\src\pcre2_match_data.c">
      <Filter>ソース ファイル</Filter>
    </ClCompile>
    <ClCompile Include="pcre2\src\pcre2_newline.c">
      <Filter>ソース ファイル</Filter>
    </ClCompile>
    <ClCompile Include="pcre2\src\pcre2_ord2utf.c">
      <Filter>ソース ファイル</Filter>
    </ClCompile>
    <ClCompile Include="pcre2\src\pcre2_pattern_info.c">
      <Filter>ソース ファイル</Filter>
    </ClCompile>
    <ClCompile Include="pcre2\src\pcre2_serialize.c">
      <Filter>ソース ファイル</Filter>
    </ClCompile>
    <ClCompile Include="pcre2\src\pcre2_string_utils.c">
      <Filter>ソース ファイル</Filter>
    </ClCompile>
    <ClCompile Include="pcre2\src\pcre2_study.c">
      <Filter>ソース ファイル</Filter>
    </ClCompile>
    <ClCompile Include="pcre2\src\pcre2_substitute.c">
      <Filter>ソース ファイル</Filter>
    </ClCompile>
    <ClCompile Include="pcre2\src\pcre2grep.c">
      <Filter>ソース ファイル</Filter>
    </ClCompile>
    <ClCompile Include="file\src\readcdf.c">
      <Filter>ソース ファイル</Filter>
    </ClCompile>
  </ItemGroup>
  <ItemGroup>
    <ClInclude Include="file\src\cdf.h">
      <Filter>ヘッダー ファイル</Filter>
    </ClInclude>
    <ClInclude Include="file\src\der.h">
      <Filter>ヘッダー ファイル</Filter>
    </ClInclude>
    <ClInclude Include="file\src\elfclass.h">
      <Filter>ヘッダー ファイル</Filter>
    </ClInclude>
    <ClInclude Include="file\src\file.h">
      <Filter>ヘッダー ファイル</Filter>
    </ClInclude>
    <ClInclude Include="file\src\file_opts.h">
      <Filter>ヘッダー ファイル</Filter>
    </ClInclude>
    <ClInclude Include="file\src\mygetopt.h">
      <Filter>ヘッダー ファイル</Filter>
    </ClInclude>
    <ClInclude Include="file\src\readelf.h">
      <Filter>ヘッダー ファイル</Filter>
    </ClInclude>
    <ClInclude Include="file\src\tar.h">
      <Filter>ヘッダー ファイル</Filter>
    </ClInclude>
    <ClInclude Include="pcre2\src\pcre2_internal.h">
      <Filter>ヘッダー ファイル</Filter>
    </ClInclude>
    <ClInclude Include="pcre2\src\pcre2_intmodedep.h">
      <Filter>ヘッダー ファイル</Filter>
    </ClInclude>
    <ClInclude Include="pcre2\src\pcre2_ucp.h">
      <Filter>ヘッダー ファイル</Filter>
    </ClInclude>
    <ClInclude Include="pcre2\src\pcre2posix.h">
      <Filter>ヘッダー ファイル</Filter>
    </ClInclude>
    <ClInclude Include="pcre2\src\regex.h">
      <Filter>ヘッダー ファイル</Filter>
    </ClInclude>
    <ClInclude Include="misc\unistd.h">
      <Filter>ヘッダー ファイル</Filter>
    </ClInclude>
  </ItemGroup>
</Project>